
Microsoft Visual Studio Solution File, Format Version 12.00
# Visual Studio Version 17
VisualStudioVersion = 17.11.35222.181
MinimumVisualStudioVersion = 10.0.40219.1
Project("{FAE04EC0-301F-11D3-BF4B-00C04F79EFBC}") = "enums-order", "enums-order\enums-order.csproj", "{163E900E-6CF4-41FB-ACC6-835FF154A05B}"
EndProject
Global
	GlobalSection(SolutionConfigurationPlatforms) = preSolution
		Debug|Any CPU = Debug|Any CPU
		Release|Any CPU = Release|Any CPU
	EndGlobalSection
	GlobalSection(ProjectConfigurationPlatforms) = postSolution
		{163E900E-6CF4-41FB-ACC6-835FF154A05B}.Debug|Any CPU.ActiveCfg = Debug|Any CPU
		{163E900E-6CF4-41FB-ACC6-835FF154A05B}.Debug|Any CPU.Build.0 = Debug|Any CPU
		{163E900E-6CF4-41FB-ACC6-835FF154A05B}.Release|Any CPU.ActiveCfg = Release|Any CPU
		{163E900E-6CF4-41FB-ACC6-835FF154A05B}.Release|Any CPU.Build.0 = Release|Any CPU
	EndGlobalSection
	GlobalSection(SolutionProperties) = preSolution
		HideSolutionNode = FALSE
	EndGlobalSection
	GlobalSection(ExtensibilityGlobals) = postSolution
		SolutionGuid = {8C6332FA-BE57-4255-9FDA-C8AE99744B57}
	EndGlobalSection
EndGlobal
