
Microsoft Visual Studio Solution File, Format Version 12.00
# Visual Studio Version 17
VisualStudioVersion = 17.11.35222.181
MinimumVisualStudioVersion = 10.0.40219.1
Project("{FAE04EC0-301F-11D3-BF4B-00C04F79EFBC}") = "exercicio-interfaces-domain-layer-design", "exercicio-interfaces-domain-layer-design\exercicio-interfaces-domain-layer-design.csproj", "{D2E8E247-FA4F-42DD-A782-81CD1FD292A5}"
EndProject
Global
	GlobalSection(SolutionConfigurationPlatforms) = preSolution
		Debug|Any CPU = Debug|Any CPU
		Release|Any CPU = Release|Any CPU
	EndGlobalSection
	GlobalSection(ProjectConfigurationPlatforms) = postSolution
		{D2E8E247-FA4F-42DD-A782-81CD1FD292A5}.Debug|Any CPU.ActiveCfg = Debug|Any CPU
		{D2E8E247-FA4F-42DD-A782-81CD1FD292A5}.Debug|Any CPU.Build.0 = Debug|Any CPU
		{D2E8E247-FA4F-42DD-A782-81CD1FD292A5}.Release|Any CPU.ActiveCfg = Release|Any CPU
		{D2E8E247-FA4F-42DD-A782-81CD1FD292A5}.Release|Any CPU.Build.0 = Release|Any CPU
	EndGlobalSection
	GlobalSection(SolutionProperties) = preSolution
		HideSolutionNode = FALSE
	EndGlobalSection
	GlobalSection(ExtensibilityGlobals) = postSolution
		SolutionGuid = {45C2FF47-7541-4A2B-839F-E37EECAD4827}
	EndGlobalSection
EndGlobal
