
Microsoft Visual Studio Solution File, Format Version 12.00
# Visual Studio Version 17
VisualStudioVersion = 17.11.35222.181
MinimumVisualStudioVersion = 10.0.40219.1
Project("{FAE04EC0-301F-11D3-BF4B-00C04F79EFBC}") = "exercicio-resolvido", "exercicio-resolvido\exercicio-resolvido.csproj", "{9CCEC5BB-4E98-4CD7-80BE-4F7E86A3458C}"
EndProject
Global
	GlobalSection(SolutionConfigurationPlatforms) = preSolution
		Debug|Any CPU = Debug|Any CPU
		Release|Any CPU = Release|Any CPU
	EndGlobalSection
	GlobalSection(ProjectConfigurationPlatforms) = postSolution
		{9CCEC5BB-4E98-4CD7-80BE-4F7E86A3458C}.Debug|Any CPU.ActiveCfg = Debug|Any CPU
		{9CCEC5BB-4E98-4CD7-80BE-4F7E86A3458C}.Debug|Any CPU.Build.0 = Debug|Any CPU
		{9CCEC5BB-4E98-4CD7-80BE-4F7E86A3458C}.Release|Any CPU.ActiveCfg = Release|Any CPU
		{9CCEC5BB-4E98-4CD7-80BE-4F7E86A3458C}.Release|Any CPU.Build.0 = Release|Any CPU
	EndGlobalSection
	GlobalSection(SolutionProperties) = preSolution
		HideSolutionNode = FALSE
	EndGlobalSection
	GlobalSection(ExtensibilityGlobals) = postSolution
		SolutionGuid = {CEF06C17-379E-41F3-A292-21C14922EE19}
	EndGlobalSection
EndGlobal
