
Microsoft Visual Studio Solution File, Format Version 12.00
# Visual Studio Version 17
VisualStudioVersion = 17.11.35222.181
MinimumVisualStudioVersion = 10.0.40219.1
Project("{FAE04EC0-301F-11D3-BF4B-00C04F79EFBC}") = "demo-2-linq-avancado", "demo-2-linq-avancado\demo-2-linq-avancado.csproj", "{BAB4DA57-2D3F-4445-B2FE-ABEBB4081ADB}"
EndProject
Global
	GlobalSection(SolutionConfigurationPlatforms) = preSolution
		Debug|Any CPU = Debug|Any CPU
		Release|Any CPU = Release|Any CPU
	EndGlobalSection
	GlobalSection(ProjectConfigurationPlatforms) = postSolution
		{BAB4DA57-2D3F-4445-B2FE-ABEBB4081ADB}.Debug|Any CPU.ActiveCfg = Debug|Any CPU
		{BAB4DA57-2D3F-4445-B2FE-ABEBB4081ADB}.Debug|Any CPU.Build.0 = Debug|Any CPU
		{BAB4DA57-2D3F-4445-B2FE-ABEBB4081ADB}.Release|Any CPU.ActiveCfg = Release|Any CPU
		{BAB4DA57-2D3F-4445-B2FE-ABEBB4081ADB}.Release|Any CPU.Build.0 = Release|Any CPU
	EndGlobalSection
	GlobalSection(SolutionProperties) = preSolution
		HideSolutionNode = FALSE
	EndGlobalSection
	GlobalSection(ExtensibilityGlobals) = postSolution
		SolutionGuid = {4C6BC7B2-0062-4CE0-8955-C2382935BC2E}
	EndGlobalSection
EndGlobal
